<?xml version="1.0" encoding="utf-8"?>
<Project ToolsVersion="4.0" xmlns="http://schemas.microsoft.com/developer/msbuild/2003">
  <ItemGroup>
    <Filter Include="Source Files">
      <UniqueIdentifier>{4FC737F1-C7A5-4376-A066-2A32D752A2FF}</UniqueIdentifier>
      <Extensions>cpp;c;cc;cxx;c++;cppm;ixx;def;odl;idl;hpj;bat;asm;asmx</Extensions>
    </Filter>
    <Filter Include="Header Files">
      <UniqueIdentifier>{93995380-89BD-4b04-88EB-625FBE52EBFB}</UniqueIdentifier>
      <Extensions>h;hh;hpp;hxx;h++;hm;inl;inc;ipp;xsd</Extensions>
    </Filter>
    <Filter Include="Resource Files">
      <UniqueIdentifier>{67DA6AB6-F800-4c08-8B7A-83BB121AAD01}</UniqueIdentifier>
      <Extensions>rc;ico;cur;bmp;dlg;rc2;rct;bin;rgs;gif;jpg;jpeg;jpe;resx;tiff;tif;png;wav;mfcribbon-ms</Extensions>
    </Filter>
    <Filter Include="Header Files\Games">
      <UniqueIdentifier>{7d36c4e9-581c-4197-8c80-6701c53ea002}</UniqueIdentifier>
    </Filter>
    <Filter Include="Source Files\Games">
      <UniqueIdentifier>{d11318c7-913d-43a2-9a18-78041d09cd43}</UniqueIdentifier>
    </Filter>
    <Filter Include="Header Files\Handlers">
      <UniqueIdentifier>{1149b94e-9ebc-4099-b1dc-d8ece143a90f}</UniqueIdentifier>
    </Filter>
    <Filter Include="Header Files\Handlers\HighScores">
      <UniqueIdentifier>{bf739700-b0a8-4a73-ae4d-0015fa38a2b4}</UniqueIdentifier>
    </Filter>
    <Filter Include="Source Files\Handlers">
      <UniqueIdentifier>{4e9de2c0-f82c-4d33-9978-5ee3763cc6bd}</UniqueIdentifier>
    </Filter>
    <Filter Include="Source Files\Handlers\HighScores">
      <UniqueIdentifier>{cef2c195-d6ba-4510-b593-abca678148ee}</UniqueIdentifier>
    </Filter>
  </ItemGroup>
  <ItemGroup>
    <ClInclude Include="AbstractGame.h">
      <Filter>Header Files</Filter>
    </ClInclude>
    <ClInclude Include="AbstractHighscoresHandler.h">
      <Filter>Header Files</Filter>
    </ClInclude>
    <ClInclude Include="GuessMyNumber.h">
      <Filter>Header Files\Games</Filter>
    </ClInclude>
    <ClInclude Include="X&amp;Os.h">
      <Filter>Header Files\Games</Filter>
    </ClInclude>
    <ClInclude Include="GameSelection.h">
      <Filter>Header Files\Handlers</Filter>
    </ClInclude>
    <ClInclude Include="Instructions_Handler.h">
      <Filter>Header Files\Handlers</Filter>
    </ClInclude>
    <ClInclude Include="File_Handler.h">
      <Filter>Header Files\Handlers</Filter>
    </ClInclude>
    <ClInclude Include="GuessNumberHighScores.h">
      <Filter>Header Files\Handlers\HighScores</Filter>
    </ClInclude>
    <ClInclude Include="XandOsHighScores.h">
      <Filter>Header Files\Handlers\HighScores</Filter>
    </ClInclude>
  </ItemGroup>
  <ItemGroup>
    <ClCompile Include="main.cpp">
      <Filter>Source Files</Filter>
    </ClCompile>
    <ClCompile Include="X&amp;Os.cpp">
      <Filter>Source Files\Games</Filter>
    </ClCompile>
    <ClCompile Include="GuessMyNumber.cpp">
      <Filter>Source Files\Games</Filter>
    </ClCompile>
    <ClCompile Include="XandOsHighScores.cpp">
      <Filter>Source Files\Handlers\HighScores</Filter>
    </ClCompile>
    <ClCompile Include="GuessNumberHighScores.cpp">
      <Filter>Source Files\Handlers\HighScores</Filter>
    </ClCompile>
    <ClCompile Include="Instructions_Handler.cpp">
      <Filter>Source Files\Handlers</Filter>
    </ClCompile>
    <ClCompile Include="File_Handler.cpp">
      <Filter>Source Files\Handlers</Filter>
    </ClCompile>
    <ClCompile Include="GameSelection.cpp">
      <Filter>Source Files\Handlers</Filter>
    </ClCompile>
  </ItemGroup>
</Project>